# THIS IS AN AUTOGENERATED FILE. DO NOT EDIT THIS FILE DIRECTLY.
# yarn lockfile v1


"@types/node@*", "@types/node@^14.14.3":
  version "14.14.3"
  resolved "https://registry.yarnpkg.com/@types/node/-/node-14.14.3.tgz#e1c09064121f894baaad2bd9f12ce4a41bffb274"
  integrity sha512-33/L34xS7HVUx23e0wOT2V1qPF1IrHgQccdJVm9uXGTB9vFBrrzBtkQymT8VskeKOxjz55MSqMv0xuLq+u98WQ==

"@types/ws@^7.2.7":
  version "7.2.7"
  resolved "https://registry.yarnpkg.com/@types/ws/-/ws-7.2.7.tgz#362ad1a1d62721bdb725e72c8cccf357078cf5a3"
  integrity sha512-UUFC/xxqFLP17hTva8/lVT0SybLUrfSD9c+iapKb0fEiC8uoDbA+xuZ3pAN603eW+bY8ebSMLm9jXdIPnD0ZgA==
  dependencies:
    "@types/node" "*"

typescript@^4.0.3:
  version "4.0.3"
  resolved "https://registry.yarnpkg.com/typescript/-/typescript-4.0.3.tgz#153bbd468ef07725c1df9c77e8b453f8d36abba5"
  integrity sha512-tEu6DGxGgRJPb/mVPIZ48e69xCn2yRmCgYmDugAVwmJ6o+0u1RI18eO7E7WBTLYLaEVVOhwQmcdhQHweux/WPg==

ws@^7.3.1:
  version "7.3.1"
  resolved "https://registry.yarnpkg.com/ws/-/ws-7.3.1.tgz#d0547bf67f7ce4f12a72dfe31262c68d7dc551c8"
  integrity sha512-D3RuNkynyHmEJIpD2qrgVkc9DQ23OrN/moAwZX4L8DfvszsJxpjQuUq3LMx6HoYji9fbIOBY18XWBsAux1ZZUA==
